// !$*UTF8*$!
{
	archiveVersion = 1;
	classes = {
	};
	objectVersion = 50;
	objects = {

/* Begin PBXBuildFile section */
		6E6CAB349112467D53645376 /* Pods_kmapp_ios.framework in Frameworks */ = {isa = PBXBuildFile; fileRef = DF6AD39841AE3C83BB81C062 /* Pods_kmapp_ios.framework */; };
		7FA6990921BEC24B008D3350 /* back_arrow.png in Resources */ = {isa = PBXBuildFile; fileRef = 7FA6990821BEC24B008D3350 /* back_arrow.png */; };
		7FE35E9321BB4C84006AB16D /* AppDelegate.m in Sources */ = {isa = PBXBuildFile; fileRef = 7FE35E9221BB4C84006AB16D /* AppDelegate.m */; };
		7FE35E9921BB4C84006AB16D /* Main.storyboard in Resources */ = {isa = PBXBuildFile; fileRef = 7FE35E9721BB4C84006AB16D /* Main.storyboard */; };
		7FE35E9B21BB4C86006AB16D /* Assets.xcassets in Resources */ = {isa = PBXBuildFile; fileRef = 7FE35E9A21BB4C86006AB16D /* Assets.xcassets */; };
		7FE35E9E21BB4C86006AB16D /* LaunchScreen.storyboard in Resources */ = {isa = PBXBuildFile; fileRef = 7FE35E9C21BB4C86006AB16D /* LaunchScreen.storyboard */; };
		7FE35EA121BB4C86006AB16D /* main.m in Sources */ = {isa = PBXBuildFile; fileRef = 7FE35EA021BB4C86006AB16D /* main.m */; };
		7FE35EA921BB4CF4006AB16D /* WebKit.framework in Frameworks */ = {isa = PBXBuildFile; fileRef = 7FE35EA821BB4CF4006AB16D /* WebKit.framework */; };
		7FE35EAE21BB5121006AB16D /* ZWWebViewVC.m in Sources */ = {isa = PBXBuildFile; fileRef = 7FE35EAB21BB5121006AB16D /* ZWWebViewVC.m */; };
		7FE4BEED21CF50B3000E6DF1 /* myVoice.m4a in Resources */ = {isa = PBXBuildFile; fileRef = 7FE4BEEC21CF50B3000E6DF1 /* myVoice.m4a */; };
/* End PBXBuildFile section */

/* Begin PBXFileReference section */
		5399EAE3622A5619E35232E6 /* Pods-kmapp-ios.debug.xcconfig */ = {isa = PBXFileReference; includeInIndex = 1; lastKnownFileType = text.xcconfig; name = "Pods-kmapp-ios.debug.xcconfig"; path = "Pods/Target Support Files/Pods-kmapp-ios/Pods-kmapp-ios.debug.xcconfig"; sourceTree = "<group>"; };
		7FA6990821BEC24B008D3350 /* back_arrow.png */ = {isa = PBXFileReference; lastKnownFileType = image.png; path = back_arrow.png; sourceTree = "<group>"; };
		7FE35E8E21BB4C84006AB16D /* kmapp-ios.app */ = {isa = PBXFileReference; explicitFileType = wrapper.application; includeInIndex = 0; path = "kmapp-ios.app"; sourceTree = BUILT_PRODUCTS_DIR; };
		7FE35E9121BB4C84006AB16D /* AppDelegate.h */ = {isa = PBXFileReference; lastKnownFileType = sourcecode.c.h; path = AppDelegate.h; sourceTree = "<group>"; };
		7FE35E9221BB4C84006AB16D /* AppDelegate.m */ = {isa = PBXFileReference; lastKnownFileType = sourcecode.c.objc; path = AppDelegate.m; sourceTree = "<group>"; };
		7FE35E9821BB4C84006AB16D /* Base */ = {isa = PBXFileReference; lastKnownFileType = file.storyboard; name = Base; path = Base.lproj/Main.storyboard; sourceTree = "<group>"; };
		7FE35E9A21BB4C86006AB16D /* Assets.xcassets */ = {isa = PBXFileReference; lastKnownFileType = folder.assetcatalog; path = Assets.xcassets; sourceTree = "<group>"; };
		7FE35E9D21BB4C86006AB16D /* Base */ = {isa = PBXFileReference; lastKnownFileType = file.storyboard; name = Base; path = Base.lproj/LaunchScreen.storyboard; sourceTree = "<group>"; };
		7FE35E9F21BB4C86006AB16D /* Info.plist */ = {isa = PBXFileReference; lastKnownFileType = text.plist.xml; path = Info.plist; sourceTree = "<group>"; };
		7FE35EA021BB4C86006AB16D /* main.m */ = {isa = PBXFileReference; lastKnownFileType = sourcecode.c.objc; path = main.m; sourceTree = "<group>"; };
		7FE35EA821BB4CF4006AB16D /* WebKit.framework */ = {isa = PBXFileReference; lastKnownFileType = wrapper.framework; name = WebKit.framework; path = System/Library/Frameworks/WebKit.framework; sourceTree = SDKROOT; };
		7FE35EAB21BB5121006AB16D /* ZWWebViewVC.m */ = {isa = PBXFileReference; fileEncoding = 4; lastKnownFileType = sourcecode.c.objc; path = ZWWebViewVC.m; sourceTree = "<group>"; };
		7FE35EAC21BB5121006AB16D /* ZWWebViewVC.h */ = {isa = PBXFileReference; fileEncoding = 4; lastKnownFileType = sourcecode.c.h; path = ZWWebViewVC.h; sourceTree = "<group>"; };
		7FE35EB221BBABF6006AB16D /* zh-Hans */ = {isa = PBXFileReference; lastKnownFileType = text.plist.strings; name = "zh-Hans"; path = "zh-Hans.lproj/Main.strings"; sourceTree = "<group>"; };
		7FE35EB321BBABF6006AB16D /* zh-Hans */ = {isa = PBXFileReference; lastKnownFileType = text.plist.strings; name = "zh-Hans"; path = "zh-Hans.lproj/LaunchScreen.strings"; sourceTree = "<group>"; };
		7FE4BEE821CF2F67000E6DF1 /* kmapp-ios.entitlements */ = {isa = PBXFileReference; lastKnownFileType = text.plist.entitlements; path = "kmapp-ios.entitlements"; sourceTree = "<group>"; };
		7FE4BEEC21CF50B3000E6DF1 /* myVoice.m4a */ = {isa = PBXFileReference; lastKnownFileType = file; path = myVoice.m4a; sourceTree = "<group>"; };
		9F267DD3B8608B07DAB5C871 /* Pods-kmapp-ios.release.xcconfig */ = {isa = PBXFileReference; includeInIndex = 1; lastKnownFileType = text.xcconfig; name = "Pods-kmapp-ios.release.xcconfig"; path = "Pods/Target Support Files/Pods-kmapp-ios/Pods-kmapp-ios.release.xcconfig"; sourceTree = "<group>"; };
		DF6AD39841AE3C83BB81C062 /* Pods_kmapp_ios.framework */ = {isa = PBXFileReference; explicitFileType = wrapper.framework; includeInIndex = 0; path = Pods_kmapp_ios.framework; sourceTree = BUILT_PRODUCTS_DIR; };
/* End PBXFileReference section */

/* Begin PBXFrameworksBuildPhase section */
		7FE35E8B21BB4C84006AB16D /* Frameworks */ = {
			isa = PBXFrameworksBuildPhase;
			buildActionMask = 2147483647;
			files = (
				7FE35EA921BB4CF4006AB16D /* WebKit.framework in Frameworks */,
				6E6CAB349112467D53645376 /* Pods_kmapp_ios.framework in Frameworks */,
			);
			runOnlyForDeploymentPostprocessing = 0;
		};
/* End PBXFrameworksBuildPhase section */

/* Begin PBXGroup section */
		7FE35E8521BB4C84006AB16D = {
			isa = PBXGroup;
			children = (
				7FE35E9021BB4C84006AB16D /* kmapp-ios */,
				7FE35E8F21BB4C84006AB16D /* Products */,
				7FE35EA721BB4CF4006AB16D /* Frameworks */,
				EC0136B754F3B6C544E0BD49 /* Pods */,
			);
			sourceTree = "<group>";
		};
		7FE35E8F21BB4C84006AB16D /* Products */ = {
			isa = PBXGroup;
			children = (
				7FE35E8E21BB4C84006AB16D /* kmapp-ios.app */,
			);
			name = Products;
			sourceTree = "<group>";
		};
		7FE35E9021BB4C84006AB16D /* kmapp-ios */ = {
			isa = PBXGroup;
			children = (
				7FE4BEEC21CF50B3000E6DF1 /* myVoice.m4a */,
				7FE4BEE821CF2F67000E6DF1 /* kmapp-ios.entitlements */,
				7FA6990821BEC24B008D3350 /* back_arrow.png */,
				7FE35EAC21BB5121006AB16D /* ZWWebViewVC.h */,
				7FE35EAB21BB5121006AB16D /* ZWWebViewVC.m */,
				7FE35E9121BB4C84006AB16D /* AppDelegate.h */,
				7FE35E9221BB4C84006AB16D /* AppDelegate.m */,
				7FE35E9721BB4C84006AB16D /* Main.storyboard */,
				7FE35E9A21BB4C86006AB16D /* Assets.xcassets */,
				7FE35E9C21BB4C86006AB16D /* LaunchScreen.storyboard */,
				7FE35E9F21BB4C86006AB16D /* Info.plist */,
				7FE35EA021BB4C86006AB16D /* main.m */,
			);
			path = "kmapp-ios";
			sourceTree = "<group>";
		};
		7FE35EA721BB4CF4006AB16D /* Frameworks */ = {
			isa = PBXGroup;
			children = (
				7FE35EA821BB4CF4006AB16D /* WebKit.framework */,
				DF6AD39841AE3C83BB81C062 /* Pods_kmapp_ios.framework */,
			);
			name = Frameworks;
			sourceTree = "<group>";
		};
		EC0136B754F3B6C544E0BD49 /* Pods */ = {
			isa = PBXGroup;
			children = (
				5399EAE3622A5619E35232E6 /* Pods-kmapp-ios.debug.xcconfig */,
				9F267DD3B8608B07DAB5C871 /* Pods-kmapp-ios.release.xcconfig */,
			);
			name = Pods;
			sourceTree = "<group>";
		};
/* End PBXGroup section */

/* Begin PBXNativeTarget section */
		7FE35E8D21BB4C84006AB16D /* kmapp-ios */ = {
			isa = PBXNativeTarget;
			buildConfigurationList = 7FE35EA421BB4C86006AB16D /* Build configuration list for PBXNativeTarget "kmapp-ios" */;
			buildPhases = (
				6B228BE4A32A44A706BF7427 /* [CP] Check Pods Manifest.lock */,
				7FE35E8A21BB4C84006AB16D /* Sources */,
				7FE35E8B21BB4C84006AB16D /* Frameworks */,
				7FE35E8C21BB4C84006AB16D /* Resources */,
				02E41F283BD7DFD7565BB080 /* [CP] Embed Pods Frameworks */,
				15CAB27B69658CB450B59355 /* [CP] Copy Pods Resources */,
			);
			buildRules = (
			);
			dependencies = (
			);
			name = "kmapp-ios";
			productName = "kmapp-ios";
			productReference = 7FE35E8E21BB4C84006AB16D /* kmapp-ios.app */;
			productType = "com.apple.product-type.application";
		};
/* End PBXNativeTarget section */

/* Begin PBXProject section */
		7FE35E8621BB4C84006AB16D /* Project object */ = {
			isa = PBXProject;
			attributes = {
				LastUpgradeCheck = 1010;
				ORGANIZATIONNAME = com.huibei;
				TargetAttributes = {
					7FE35E8D21BB4C84006AB16D = {
						CreatedOnToolsVersion = 10.1;
						SystemCapabilities = {
							com.apple.BackgroundModes = {
								enabled = 1;
							};
							com.apple.Push = {
								enabled = 1;
							};
						};
					};
				};
			};
			buildConfigurationList = 7FE35E8921BB4C84006AB16D /* Build configuration list for PBXProject "kmapp-ios" */;
			compatibilityVersion = "Xcode 9.3";
			developmentRegion = en;
			hasScannedForEncodings = 0;
			knownRegions = (
				Base,
			);
			mainGroup = 7FE35E8521BB4C84006AB16D;
			productRefGroup = 7FE35E8F21BB4C84006AB16D /* Products */;
			projectDirPath = "";
			projectRoot = "";
			targets = (
				7FE35E8D21BB4C84006AB16D /* kmapp-ios */,
			);
		};
/* End PBXProject section */

/* Begin PBXResourcesBuildPhase section */
		7FE35E8C21BB4C84006AB16D /* Resources */ = {
			isa = PBXResourcesBuildPhase;
			buildActionMask = 2147483647;
			files = (
				7FE4BEED21CF50B3000E6DF1 /* myVoice.m4a in Resources */,
				7FE35E9E21BB4C86006AB16D /* LaunchScreen.storyboard in Resources */,
				7FA6990921BEC24B008D3350 /* back_arrow.png in Resources */,
				7FE35E9B21BB4C86006AB16D /* Assets.xcassets in Resources */,
				7FE35E9921BB4C84006AB16D /* Main.storyboard in Resources */,
			);
			runOnlyForDeploymentPostprocessing = 0;
		};
/* End PBXResourcesBuildPhase section */

/* Begin PBXShellScriptBuildPhase section */
		02E41F283BD7DFD7565BB080 /* [CP] Embed Pods Frameworks */ = {
			isa = PBXShellScriptBuildPhase;
			buildActionMask = 2147483647;
			files = (
			);
			inputPaths = (
			);
			name = "[CP] Embed Pods Frameworks";
			outputPaths = (
			);
			runOnlyForDeploymentPostprocessing = 0;
			shellPath = /bin/sh;
			shellScript = "\"${SRCROOT}/Pods/Target Support Files/Pods-kmapp-ios/Pods-kmapp-ios-frameworks.sh\"\n";
			showEnvVarsInLog = 0;
		};
		15CAB27B69658CB450B59355 /* [CP] Copy Pods Resources */ = {
			isa = PBXShellScriptBuildPhase;
			buildActionMask = 2147483647;
			files = (
			);
			inputPaths = (
			);
			name = "[CP] Copy Pods Resources";
			outputPaths = (
			);
			runOnlyForDeploymentPostprocessing = 0;
			shellPath = /bin/sh;
			shellScript = "\"${SRCROOT}/Pods/Target Support Files/Pods-kmapp-ios/Pods-kmapp-ios-resources.sh\"\n";
			showEnvVarsInLog = 0;
		};
		6B228BE4A32A44A706BF7427 /* [CP] Check Pods Manifest.lock */ = {
			isa = PBXShellScriptBuildPhase;
			buildActionMask = 2147483647;
			files = (
			);
			inputPaths = (
			);
			name = "[CP] Check Pods Manifest.lock";
			outputPaths = (
			);
			runOnlyForDeploymentPostprocessing = 0;
			shellPath = /bin/sh;
			shellScript = "diff \"${PODS_ROOT}/../Podfile.lock\" \"${PODS_ROOT}/Manifest.lock\" > /dev/null\nif [ $? != 0 ] ; then\n    # print error to STDERR\n    echo \"error: The sandbox is not in sync with the Podfile.lock. Run 'pod install' or update your CocoaPods installation.\" >&2\n    exit 1\nfi\n";
			showEnvVarsInLog = 0;
		};
/* End PBXShellScriptBuildPhase section */

/* Begin PBXSourcesBuildPhase section */
		7FE35E8A21BB4C84006AB16D /* Sources */ = {
			isa = PBXSourcesBuildPhase;
			buildActionMask = 2147483647;
			files = (
				7FE35EA121BB4C86006AB16D /* main.m in Sources */,
				7FE35E9321BB4C84006AB16D /* AppDelegate.m in Sources */,
				7FE35EAE21BB5121006AB16D /* ZWWebViewVC.m in Sources */,
			);
			runOnlyForDeploymentPostprocessing = 0;
		};
/* End PBXSourcesBuildPhase section */

/* Begin PBXVariantGroup section */
		7FE35E9721BB4C84006AB16D /* Main.storyboard */ = {
			isa = PBXVariantGroup;
			children = (
				7FE35E9821BB4C84006AB16D /* Base */,
				7FE35EB221BBABF6006AB16D /* zh-Hans */,
			);
			name = Main.storyboard;
			sourceTree = "<group>";
		};
		7FE35E9C21BB4C86006AB16D /* LaunchScreen.storyboard */ = {
			isa = PBXVariantGroup;
			children = (
				7FE35E9D21BB4C86006AB16D /* Base */,
				7FE35EB321BBABF6006AB16D /* zh-Hans */,
			);
			name = LaunchScreen.storyboard;
			sourceTree = "<group>";
		};
/* End PBXVariantGroup section */

/* Begin XCBuildConfiguration section */
		7FE35EA221BB4C86006AB16D /* Debug */ = {
			isa = XCBuildConfiguration;
			buildSettings = {
				ALWAYS_SEARCH_USER_PATHS = NO;
				CLANG_ANALYZER_LOCALIZABILITY_NONLOCALIZED = YES;
				CLANG_ANALYZER_NONNULL = YES;
				CLANG_ANALYZER_NUMBER_OBJECT_CONVERSION = YES_AGGRESSIVE;
				CLANG_CXX_LANGUAGE_STANDARD = "gnu++14";
				CLANG_CXX_LIBRARY = "libc++";
				CLANG_ENABLE_MODULES = YES;
				CLANG_ENABLE_OBJC_ARC = YES;
				CLANG_ENABLE_OBJC_WEAK = YES;
				CLANG_WARN_BLOCK_CAPTURE_AUTORELEASING = YES;
				CLANG_WARN_BOOL_CONVERSION = YES;
				CLANG_WARN_COMMA = YES;
				CLANG_WARN_CONSTANT_CONVERSION = YES;
				CLANG_WARN_DEPRECATED_OBJC_IMPLEMENTATIONS = YES;
				CLANG_WARN_DIRECT_OBJC_ISA_USAGE = YES_ERROR;
				CLANG_WARN_DOCUMENTATION_COMMENTS = YES;
				CLANG_WARN_EMPTY_BODY = YES;
				CLANG_WARN_ENUM_CONVERSION = YES;
				CLANG_WARN_INFINITE_RECURSION = YES;
				CLANG_WARN_INT_CONVERSION = YES;
				CLANG_WARN_NON_LITERAL_NULL_CONVERSION = YES;
				CLANG_WARN_OBJC_IMPLICIT_RETAIN_SELF = YES;
				CLANG_WARN_OBJC_LITERAL_CONVERSION = YES;
				CLANG_WARN_OBJC_ROOT_CLASS = YES_ERROR;
				CLANG_WARN_RANGE_LOOP_ANALYSIS = YES;
				CLANG_WARN_STRICT_PROTOTYPES = YES;
				CLANG_WARN_SUSPICIOUS_MOVE = YES;
				CLANG_WARN_UNGUARDED_AVAILABILITY = YES_AGGRESSIVE;
				CLANG_WARN_UNREACHABLE_CODE = YES;
				CLANG_WARN__DUPLICATE_METHOD_MATCH = YES;
				CODE_SIGN_IDENTITY = "iPhone Developer";
				COPY_PHASE_STRIP = NO;
				DEBUG_INFORMATION_FORMAT = dwarf;
				ENABLE_STRICT_OBJC_MSGSEND = YES;
				ENABLE_TESTABILITY = YES;
				GCC_C_LANGUAGE_STANDARD = gnu11;
				GCC_DYNAMIC_NO_PIC = NO;
				GCC_NO_COMMON_BLOCKS = YES;
				GCC_OPTIMIZATION_LEVEL = 0;
				GCC_PREPROCESSOR_DEFINITIONS = (
					"DEBUG=1",
					"$(inherited)",
				);
				GCC_WARN_64_TO_32_BIT_CONVERSION = YES;
				GCC_WARN_ABOUT_RETURN_TYPE = YES_ERROR;
				GCC_WARN_UNDECLARED_SELECTOR = YES;
				GCC_WARN_UNINITIALIZED_AUTOS = YES_AGGRESSIVE;
				GCC_WARN_UNUSED_FUNCTION = YES;
				GCC_WARN_UNUSED_VARIABLE = YES;
				IPHONEOS_DEPLOYMENT_TARGET = 12.1;
				MTL_ENABLE_DEBUG_INFO = INCLUDE_SOURCE;
				MTL_FAST_MATH = YES;
				ONLY_ACTIVE_ARCH = YES;
				SDKROOT = iphoneos;
			};
			name = Debug;
		};
		7FE35EA321BB4C86006AB16D /* Release */ = {
			isa = XCBuildConfiguration;
			buildSettings = {
				ALWAYS_SEARCH_USER_PATHS = NO;
				CLANG_ANALYZER_LOCALIZABILITY_NONLOCALIZED = YES;
				CLANG_ANALYZER_NONNULL = YES;
				CLANG_ANALYZER_NUMBER_OBJECT_CONVERSION = YES_AGGRESSIVE;
				CLANG_CXX_LANGUAGE_STANDARD = "gnu++14";
				CLANG_CXX_LIBRARY = "libc++";
				CLANG_ENABLE_MODULES = YES;
				CLANG_ENABLE_OBJC_ARC = YES;
				CLANG_ENABLE_OBJC_WEAK = YES;
				CLANG_WARN_BLOCK_CAPTURE_AUTORELEASING = YES;
				CLANG_WARN_BOOL_CONVERSION = YES;
				CLANG_WARN_COMMA = YES;
				CLANG_WARN_CONSTANT_CONVERSION = YES;
				CLANG_WARN_DEPRECATED_OBJC_IMPLEMENTATIONS = YES;
				CLANG_WARN_DIRECT_OBJC_ISA_USAGE = YES_ERROR;
				CLANG_WARN_DOCUMENTATION_COMMENTS = YES;
				CLANG_WARN_EMPTY_BODY = YES;
				CLANG_WARN_ENUM_CONVERSION = YES;
				CLANG_WARN_INFINITE_RECURSION = YES;
				CLANG_WARN_INT_CONVERSION = YES;
				CLANG_WARN_NON_LITERAL_NULL_CONVERSION = YES;
				CLANG_WARN_OBJC_IMPLICIT_RETAIN_SELF = YES;
				CLANG_WARN_OBJC_LITERAL_CONVERSION = YES;
				CLANG_WARN_OBJC_ROOT_CLASS = YES_ERROR;
				CLANG_WARN_RANGE_LOOP_ANALYSIS = YES;
				CLANG_WARN_STRICT_PROTOTYPES = YES;
				CLANG_WARN_SUSPICIOUS_MOVE = YES;
				CLANG_WARN_UNGUARDED_AVAILABILITY = YES_AGGRESSIVE;
				CLANG_WARN_UNREACHABLE_CODE = YES;
				CLANG_WARN__DUPLICATE_METHOD_MATCH = YES;
				CODE_SIGN_IDENTITY = "iPhone Developer";
				COPY_PHASE_STRIP = NO;
				DEBUG_INFORMATION_FORMAT = "dwarf-with-dsym";
				ENABLE_NS_ASSERTIONS = NO;
				ENABLE_STRICT_OBJC_MSGSEND = YES;
				GCC_C_LANGUAGE_STANDARD = gnu11;
				GCC_NO_COMMON_BLOCKS = YES;
				GCC_WARN_64_TO_32_BIT_CONVERSION = YES;
				GCC_WARN_ABOUT_RETURN_TYPE = YES_ERROR;
				GCC_WARN_UNDECLARED_SELECTOR = YES;
				GCC_WARN_UNINITIALIZED_AUTOS = YES_AGGRESSIVE;
				GCC_WARN_UNUSED_FUNCTION = YES;
				GCC_WARN_UNUSED_VARIABLE = YES;
				IPHONEOS_DEPLOYMENT_TARGET = 12.1;
				MTL_ENABLE_DEBUG_INFO = NO;
				MTL_FAST_MATH = YES;
				SDKROOT = iphoneos;
				VALIDATE_PRODUCT = YES;
			};
			name = Release;
		};
		7FE35EA521BB4C86006AB16D /* Debug */ = {
			isa = XCBuildConfiguration;
			baseConfigurationReference = 5399EAE3622A5619E35232E6 /* Pods-kmapp-ios.debug.xcconfig */;
			buildSettings = {
				ASSETCATALOG_COMPILER_APPICON_NAME = AppIcon;
				CODE_SIGN_ENTITLEMENTS = "kmapp-ios/kmapp-ios.entitlements";
				CODE_SIGN_IDENTITY = "iPhone Developer";
				CODE_SIGN_STYLE = Automatic;
				DEVELOPMENT_TEAM = VYW4NN9SFF;
				INFOPLIST_FILE = "kmapp-ios/Info.plist";
				LD_RUNPATH_SEARCH_PATHS = (
					"$(inherited)",
					"@executable_path/Frameworks",
				);
				PRODUCT_BUNDLE_IDENTIFIER = com.xitengDiscount.futeng;
				PRODUCT_NAME = "$(TARGET_NAME)";
				PROVISIONING_PROFILE_SPECIFIER = "";
				TARGETED_DEVICE_FAMILY = 1;
			};
			name = Debug;
		};
		7FE35EA621BB4C86006AB16D /* Release */ = {
			isa = XCBuildConfiguration;
			baseConfigurationReference = 9F267DD3B8608B07DAB5C871 /* Pods-kmapp-ios.release.xcconfig */;
			buildSettings = {
				ASSETCATALOG_COMPILER_APPICON_NAME = AppIcon;
				CODE_SIGN_ENTITLEMENTS = "kmapp-ios/kmapp-ios.entitlements";
				CODE_SIGN_IDENTITY = "iPhone Developer";
				CODE_SIGN_STYLE = Automatic;
				DEVELOPMENT_TEAM = VYW4NN9SFF;
				INFOPLIST_FILE = "kmapp-ios/Info.plist";
				LD_RUNPATH_SEARCH_PATHS = (
					"$(inherited)",
					"@executable_path/Frameworks",
				);
				PRODUCT_BUNDLE_IDENTIFIER = com.xitengDiscount.futeng;
				PRODUCT_NAME = "$(TARGET_NAME)";
				PROVISIONING_PROFILE_SPECIFIER = "";
				TARGETED_DEVICE_FAMILY = 1;
			};
			name = Release;
		};
/* End XCBuildConfiguration section */

/* Begin XCConfigurationList section */
		7FE35E8921BB4C84006AB16D /* Build configuration list for PBXProject "kmapp-ios" */ = {
			isa = XCConfigurationList;
			buildConfigurations = (
				7FE35EA221BB4C86006AB16D /* Debug */,
				7FE35EA321BB4C86006AB16D /* Release */,
			);
			defaultConfigurationIsVisible = 0;
			defaultConfigurationName = Release;
		};
		7FE35EA421BB4C86006AB16D /* Build configuration list for PBXNativeTarget "kmapp-ios" */ = {
			isa = XCConfigurationList;
			buildConfigurations = (
				7FE35EA521BB4C86006AB16D /* Debug */,
				7FE35EA621BB4C86006AB16D /* Release */,
			);
			defaultConfigurationIsVisible = 0;
			defaultConfigurationName = Release;
		};
/* End XCConfigurationList section */
	};
	rootObject = 7FE35E8621BB4C84006AB16D /* Project object */;
}
